
Microsoft Visual Studio Solution File, Format Version 12.00
# Visual Studio Version 16
VisualStudioVersion = 16.0.32510.428
MinimumVisualStudioVersion = 10.0.40219.1
Project("{2150E333-8FDC-42A3-9474-1A3956D46DE8}") = "Services", "Services", "{7D44A641-F712-4FAF-B2AD-723BC5A01844}"
EndProject
Project("{2150E333-8FDC-42A3-9474-1A3956D46DE8}") = "WebApps", "WebApps", "{D63EAEED-117F-4A31-A31F-5F12127C4DDA}"
EndProject
Project("{2150E333-8FDC-42A3-9474-1A3956D46DE8}") = "Cadastros", "Cadastros", "{3D5383FE-0F28-4FDB-AF20-0A3648D3BD61}"
EndProject
Project("{2150E333-8FDC-42A3-9474-1A3956D46DE8}") = "Catalogo", "Catalogo", "{E65E2A99-D348-42DB-9DD2-A3F5BF2A15C6}"
EndProject
Project("{2150E333-8FDC-42A3-9474-1A3956D46DE8}") = "Core", "Core", "{64454B03-255C-4672-A528-0E0473AC09F0}"
EndProject
Project("{2150E333-8FDC-42A3-9474-1A3956D46DE8}") = "Fiscal", "Fiscal", "{2B432A4A-CDF2-4914-B2D5-44C9FF10CCD1}"
EndProject
Project("{2150E333-8FDC-42A3-9474-1A3956D46DE8}") = "Pagamentos", "Pagamentos", "{77084A1F-FB83-474C-9D24-62597A8C9143}"
EndProject
Project("{2150E333-8FDC-42A3-9474-1A3956D46DE8}") = "Vendas", "Vendas", "{244BEAFE-BC90-4949-8172-3E04A7E10BF5}"
EndProject
Project("{9A19103F-16F7-4668-BE54-9A1E7A4F7556}") = "NerdStore.Catalogo.Domain", "src\NerdStore.Catalogo.Domain\NerdStore.Catalogo.Domain.csproj", "{58B3AC63-C64A-496E-A1A0-FD010E8145E4}"
EndProject
Project("{9A19103F-16F7-4668-BE54-9A1E7A4F7556}") = "NerdStore.Core", "src\NerdStore.Core\NerdStore.Core.csproj", "{DB9E74E2-9B5A-47B4-A448-5E17D2EF9761}"
EndProject
Project("{2150E333-8FDC-42A3-9474-1A3956D46DE8}") = "Tests", "Tests", "{5152F711-AB20-4FF1-8B7C-3909E483C23E}"
EndProject
Project("{9A19103F-16F7-4668-BE54-9A1E7A4F7556}") = "NerdStore.Catalogo.Domain.Tests", "tests\NerdStore.Catalogo.Domain.Tests\NerdStore.Catalogo.Domain.Tests.csproj", "{D8962314-78E3-4FEC-8221-AC5BC167D845}"
EndProject
Project("{9A19103F-16F7-4668-BE54-9A1E7A4F7556}") = "NerdStore.Catalogo.Data", "src\NerdStore.Catalogo.Data\NerdStore.Catalogo.Data.csproj", "{9E478E70-85C6-42C5-BDC3-F9B74E99C4CB}"
EndProject
Project("{9A19103F-16F7-4668-BE54-9A1E7A4F7556}") = "NerdStore.Catalogo.Application", "src\NerdStore.Catalogo.Application\NerdStore.Catalogo.Application.csproj", "{45E7AC0D-B761-441D-A925-26CF8838A121}"
EndProject
Project("{FAE04EC0-301F-11D3-BF4B-00C04F79EFBC}") = "NerdStore.WebApp.MVC", "src\NerdStore.WebApp.MVC\NerdStore.WebApp.MVC.csproj", "{0C69BC2F-17CA-411F-BEB3-40BD855DFEB5}"
EndProject
Global
	GlobalSection(SolutionConfigurationPlatforms) = preSolution
		Debug|Any CPU = Debug|Any CPU
		Release|Any CPU = Release|Any CPU
	EndGlobalSection
	GlobalSection(ProjectConfigurationPlatforms) = postSolution
		{58B3AC63-C64A-496E-A1A0-FD010E8145E4}.Debug|Any CPU.ActiveCfg = Debug|Any CPU
		{58B3AC63-C64A-496E-A1A0-FD010E8145E4}.Debug|Any CPU.Build.0 = Debug|Any CPU
		{58B3AC63-C64A-496E-A1A0-FD010E8145E4}.Release|Any CPU.ActiveCfg = Release|Any CPU
		{58B3AC63-C64A-496E-A1A0-FD010E8145E4}.Release|Any CPU.Build.0 = Release|Any CPU
		{DB9E74E2-9B5A-47B4-A448-5E17D2EF9761}.Debug|Any CPU.ActiveCfg = Debug|Any CPU
		{DB9E74E2-9B5A-47B4-A448-5E17D2EF9761}.Debug|Any CPU.Build.0 = Debug|Any CPU
		{DB9E74E2-9B5A-47B4-A448-5E17D2EF9761}.Release|Any CPU.ActiveCfg = Release|Any CPU
		{DB9E74E2-9B5A-47B4-A448-5E17D2EF9761}.Release|Any CPU.Build.0 = Release|Any CPU
		{D8962314-78E3-4FEC-8221-AC5BC167D845}.Debug|Any CPU.ActiveCfg = Debug|Any CPU
		{D8962314-78E3-4FEC-8221-AC5BC167D845}.Debug|Any CPU.Build.0 = Debug|Any CPU
		{D8962314-78E3-4FEC-8221-AC5BC167D845}.Release|Any CPU.ActiveCfg = Release|Any CPU
		{D8962314-78E3-4FEC-8221-AC5BC167D845}.Release|Any CPU.Build.0 = Release|Any CPU
		{9E478E70-85C6-42C5-BDC3-F9B74E99C4CB}.Debug|Any CPU.ActiveCfg = Debug|Any CPU
		{9E478E70-85C6-42C5-BDC3-F9B74E99C4CB}.Debug|Any CPU.Build.0 = Debug|Any CPU
		{9E478E70-85C6-42C5-BDC3-F9B74E99C4CB}.Release|Any CPU.ActiveCfg = Release|Any CPU
		{9E478E70-85C6-42C5-BDC3-F9B74E99C4CB}.Release|Any CPU.Build.0 = Release|Any CPU
		{45E7AC0D-B761-441D-A925-26CF8838A121}.Debug|Any CPU.ActiveCfg = Debug|Any CPU
		{45E7AC0D-B761-441D-A925-26CF8838A121}.Debug|Any CPU.Build.0 = Debug|Any CPU
		{45E7AC0D-B761-441D-A925-26CF8838A121}.Release|Any CPU.ActiveCfg = Release|Any CPU
		{45E7AC0D-B761-441D-A925-26CF8838A121}.Release|Any CPU.Build.0 = Release|Any CPU
		{0C69BC2F-17CA-411F-BEB3-40BD855DFEB5}.Debug|Any CPU.ActiveCfg = Debug|Any CPU
		{0C69BC2F-17CA-411F-BEB3-40BD855DFEB5}.Debug|Any CPU.Build.0 = Debug|Any CPU
		{0C69BC2F-17CA-411F-BEB3-40BD855DFEB5}.Release|Any CPU.ActiveCfg = Release|Any CPU
		{0C69BC2F-17CA-411F-BEB3-40BD855DFEB5}.Release|Any CPU.Build.0 = Release|Any CPU
	EndGlobalSection
	GlobalSection(SolutionProperties) = preSolution
		HideSolutionNode = FALSE
	EndGlobalSection
	GlobalSection(NestedProjects) = preSolution
		{3D5383FE-0F28-4FDB-AF20-0A3648D3BD61} = {7D44A641-F712-4FAF-B2AD-723BC5A01844}
		{E65E2A99-D348-42DB-9DD2-A3F5BF2A15C6} = {7D44A641-F712-4FAF-B2AD-723BC5A01844}
		{64454B03-255C-4672-A528-0E0473AC09F0} = {7D44A641-F712-4FAF-B2AD-723BC5A01844}
		{2B432A4A-CDF2-4914-B2D5-44C9FF10CCD1} = {7D44A641-F712-4FAF-B2AD-723BC5A01844}
		{77084A1F-FB83-474C-9D24-62597A8C9143} = {7D44A641-F712-4FAF-B2AD-723BC5A01844}
		{244BEAFE-BC90-4949-8172-3E04A7E10BF5} = {7D44A641-F712-4FAF-B2AD-723BC5A01844}
		{58B3AC63-C64A-496E-A1A0-FD010E8145E4} = {E65E2A99-D348-42DB-9DD2-A3F5BF2A15C6}
		{DB9E74E2-9B5A-47B4-A448-5E17D2EF9761} = {64454B03-255C-4672-A528-0E0473AC09F0}
		{5152F711-AB20-4FF1-8B7C-3909E483C23E} = {E65E2A99-D348-42DB-9DD2-A3F5BF2A15C6}
		{D8962314-78E3-4FEC-8221-AC5BC167D845} = {5152F711-AB20-4FF1-8B7C-3909E483C23E}
		{9E478E70-85C6-42C5-BDC3-F9B74E99C4CB} = {E65E2A99-D348-42DB-9DD2-A3F5BF2A15C6}
		{45E7AC0D-B761-441D-A925-26CF8838A121} = {E65E2A99-D348-42DB-9DD2-A3F5BF2A15C6}
		{0C69BC2F-17CA-411F-BEB3-40BD855DFEB5} = {D63EAEED-117F-4A31-A31F-5F12127C4DDA}
	EndGlobalSection
	GlobalSection(ExtensibilityGlobals) = postSolution
		SolutionGuid = {EAA937C2-FF5E-41EF-B0C7-07FBFDDCC301}
	EndGlobalSection
EndGlobal
