
Microsoft Visual Studio Solution File, Format Version 12.00
# Visual Studio Version 16
VisualStudioVersion = 16.0.31424.327
MinimumVisualStudioVersion = 10.0.40219.1
Project("{2150E333-8FDC-42A3-9474-1A3956D46DE8}") = "Services", "Services", "{1A6CEE3C-B4D4-4BAC-9C4E-01D8197C6DE8}"
EndProject
Project("{2150E333-8FDC-42A3-9474-1A3956D46DE8}") = "WebApps", "WebApps", "{07FE0AC8-8AF7-4808-A034-9A7E0D9B6739}"
EndProject
Project("{2150E333-8FDC-42A3-9474-1A3956D46DE8}") = "Cadastros", "Cadastros", "{10EF9C8F-C066-46DB-A45B-1C090D30AFC4}"
EndProject
Project("{2150E333-8FDC-42A3-9474-1A3956D46DE8}") = "Catalogo", "Catalogo", "{0782F107-762B-4628-B175-0DD9AC30E243}"
EndProject
Project("{2150E333-8FDC-42A3-9474-1A3956D46DE8}") = "Core", "Core", "{F092BAD3-42E0-45CD-AA10-2EBCDF459925}"
EndProject
Project("{2150E333-8FDC-42A3-9474-1A3956D46DE8}") = "Fiscal", "Fiscal", "{72BC23A5-604D-4571-8AE3-45B79CDB063C}"
EndProject
Project("{2150E333-8FDC-42A3-9474-1A3956D46DE8}") = "Pagamentos", "Pagamentos", "{CB7B9E00-1C78-45EF-85BB-7630661F0AA0}"
EndProject
Project("{2150E333-8FDC-42A3-9474-1A3956D46DE8}") = "Vendas", "Vendas", "{BA535B70-DF56-4855-9D23-BB33A81AC9E1}"
EndProject
Project("{9A19103F-16F7-4668-BE54-9A1E7A4F7556}") = "NerdStore.Catalogo.Domain", "src\NerdStore.Catalogo.Domain\NerdStore.Catalogo.Domain.csproj", "{0F7F9F2B-204F-4084-88FD-2AB4A2E52A63}"
EndProject
Project("{9A19103F-16F7-4668-BE54-9A1E7A4F7556}") = "NerdStore.Core", "src\NerdStore.Core\NerdStore.Core.csproj", "{218A78A1-FA6E-49BC-93F2-31FCB038EA43}"
EndProject
Project("{2150E333-8FDC-42A3-9474-1A3956D46DE8}") = "Tests", "Tests", "{B0EFF829-9DF0-4B2E-A522-B08B5C701B23}"
EndProject
Project("{9A19103F-16F7-4668-BE54-9A1E7A4F7556}") = "NerdStore.Catalogo.Domain.Tests", "tests\NerdStore.Catalogo.Domain.Tests\NerdStore.Catalogo.Domain.Tests.csproj", "{252CB1F3-12E6-47F2-9F2A-3480E26C920F}"
EndProject
Project("{9A19103F-16F7-4668-BE54-9A1E7A4F7556}") = "NerdStore.Catalogo.Data", "src\NerdStore.Catalogo.Data\NerdStore.Catalogo.Data.csproj", "{97475BA1-F702-44DD-B10E-7DDE3F016014}"
EndProject
Project("{9A19103F-16F7-4668-BE54-9A1E7A4F7556}") = "NerdStore.Catalogo.Application", "src\NerdStore.Catalogo.Application\NerdStore.Catalogo.Application.csproj", "{621F08A3-5B6D-4236-88C2-A700955FBE86}"
EndProject
Project("{9A19103F-16F7-4668-BE54-9A1E7A4F7556}") = "NerdStore.WebApp.MVC", "src\NerdStore.WebApp.MVC\NerdStore.WebApp.MVC.csproj", "{909C5754-626C-4FB6-95D3-236A10F70144}"
EndProject
Project("{9A19103F-16F7-4668-BE54-9A1E7A4F7556}") = "NerdStore.Vendas.Domain", "src\NerdStore.Vendas.Domain\NerdStore.Vendas.Domain.csproj", "{43578C54-F81C-4486-BE00-44AC2B94087B}"
EndProject
Project("{9A19103F-16F7-4668-BE54-9A1E7A4F7556}") = "NerdStore.Vendas.Application", "src\NerdStore.Vendas.Application\NerdStore.Vendas.Application.csproj", "{83B7839E-D75A-4BAE-AC3B-04D384E8DC42}"
EndProject
Project("{9A19103F-16F7-4668-BE54-9A1E7A4F7556}") = "NerdStore.Vendas.Data", "src\NerdStore.Vendas.Data\NerdStore.Vendas.Data.csproj", "{8F97EA56-FE9A-494B-9EE2-1F19EA6C3EDF}"
EndProject
Project("{9A19103F-16F7-4668-BE54-9A1E7A4F7556}") = "NerdStore.Pagamentos.Business", "src\NerdStore.Pagamentos.Business\NerdStore.Pagamentos.Business.csproj", "{F7EBAF03-D272-40AD-8CF8-2805CB2AF049}"
EndProject
Project("{9A19103F-16F7-4668-BE54-9A1E7A4F7556}") = "NerdStore.Pagamentos.AntiCorruption", "src\NerdStore.Pagamentos.AntiCorruption\NerdStore.Pagamentos.AntiCorruption.csproj", "{75F5F1EC-29D8-42BC-B3AB-65A9D88ECA60}"
EndProject
Project("{FAE04EC0-301F-11D3-BF4B-00C04F79EFBC}") = "NerdStore.Pagamentos.Data", "src\NerdStore.Pagamentos.Data\NerdStore.Pagamentos.Data.csproj", "{29181FA1-108E-448F-8827-35784CEB3478}"
EndProject
Global
	GlobalSection(SolutionConfigurationPlatforms) = preSolution
		Debug|Any CPU = Debug|Any CPU
		Release|Any CPU = Release|Any CPU
	EndGlobalSection
	GlobalSection(ProjectConfigurationPlatforms) = postSolution
		{0F7F9F2B-204F-4084-88FD-2AB4A2E52A63}.Debug|Any CPU.ActiveCfg = Debug|Any CPU
		{0F7F9F2B-204F-4084-88FD-2AB4A2E52A63}.Debug|Any CPU.Build.0 = Debug|Any CPU
		{0F7F9F2B-204F-4084-88FD-2AB4A2E52A63}.Release|Any CPU.ActiveCfg = Release|Any CPU
		{0F7F9F2B-204F-4084-88FD-2AB4A2E52A63}.Release|Any CPU.Build.0 = Release|Any CPU
		{218A78A1-FA6E-49BC-93F2-31FCB038EA43}.Debug|Any CPU.ActiveCfg = Debug|Any CPU
		{218A78A1-FA6E-49BC-93F2-31FCB038EA43}.Debug|Any CPU.Build.0 = Debug|Any CPU
		{218A78A1-FA6E-49BC-93F2-31FCB038EA43}.Release|Any CPU.ActiveCfg = Release|Any CPU
		{218A78A1-FA6E-49BC-93F2-31FCB038EA43}.Release|Any CPU.Build.0 = Release|Any CPU
		{252CB1F3-12E6-47F2-9F2A-3480E26C920F}.Debug|Any CPU.ActiveCfg = Debug|Any CPU
		{252CB1F3-12E6-47F2-9F2A-3480E26C920F}.Debug|Any CPU.Build.0 = Debug|Any CPU
		{252CB1F3-12E6-47F2-9F2A-3480E26C920F}.Release|Any CPU.ActiveCfg = Release|Any CPU
		{252CB1F3-12E6-47F2-9F2A-3480E26C920F}.Release|Any CPU.Build.0 = Release|Any CPU
		{97475BA1-F702-44DD-B10E-7DDE3F016014}.Debug|Any CPU.ActiveCfg = Debug|Any CPU
		{97475BA1-F702-44DD-B10E-7DDE3F016014}.Debug|Any CPU.Build.0 = Debug|Any CPU
		{97475BA1-F702-44DD-B10E-7DDE3F016014}.Release|Any CPU.ActiveCfg = Release|Any CPU
		{97475BA1-F702-44DD-B10E-7DDE3F016014}.Release|Any CPU.Build.0 = Release|Any CPU
		{621F08A3-5B6D-4236-88C2-A700955FBE86}.Debug|Any CPU.ActiveCfg = Debug|Any CPU
		{621F08A3-5B6D-4236-88C2-A700955FBE86}.Debug|Any CPU.Build.0 = Debug|Any CPU
		{621F08A3-5B6D-4236-88C2-A700955FBE86}.Release|Any CPU.ActiveCfg = Release|Any CPU
		{621F08A3-5B6D-4236-88C2-A700955FBE86}.Release|Any CPU.Build.0 = Release|Any CPU
		{909C5754-626C-4FB6-95D3-236A10F70144}.Debug|Any CPU.ActiveCfg = Debug|Any CPU
		{909C5754-626C-4FB6-95D3-236A10F70144}.Debug|Any CPU.Build.0 = Debug|Any CPU
		{909C5754-626C-4FB6-95D3-236A10F70144}.Release|Any CPU.ActiveCfg = Release|Any CPU
		{909C5754-626C-4FB6-95D3-236A10F70144}.Release|Any CPU.Build.0 = Release|Any CPU
		{43578C54-F81C-4486-BE00-44AC2B94087B}.Debug|Any CPU.ActiveCfg = Debug|Any CPU
		{43578C54-F81C-4486-BE00-44AC2B94087B}.Debug|Any CPU.Build.0 = Debug|Any CPU
		{43578C54-F81C-4486-BE00-44AC2B94087B}.Release|Any CPU.ActiveCfg = Release|Any CPU
		{43578C54-F81C-4486-BE00-44AC2B94087B}.Release|Any CPU.Build.0 = Release|Any CPU
		{83B7839E-D75A-4BAE-AC3B-04D384E8DC42}.Debug|Any CPU.ActiveCfg = Debug|Any CPU
		{83B7839E-D75A-4BAE-AC3B-04D384E8DC42}.Debug|Any CPU.Build.0 = Debug|Any CPU
		{83B7839E-D75A-4BAE-AC3B-04D384E8DC42}.Release|Any CPU.ActiveCfg = Release|Any CPU
		{83B7839E-D75A-4BAE-AC3B-04D384E8DC42}.Release|Any CPU.Build.0 = Release|Any CPU
		{8F97EA56-FE9A-494B-9EE2-1F19EA6C3EDF}.Debug|Any CPU.ActiveCfg = Debug|Any CPU
		{8F97EA56-FE9A-494B-9EE2-1F19EA6C3EDF}.Debug|Any CPU.Build.0 = Debug|Any CPU
		{8F97EA56-FE9A-494B-9EE2-1F19EA6C3EDF}.Release|Any CPU.ActiveCfg = Release|Any CPU
		{8F97EA56-FE9A-494B-9EE2-1F19EA6C3EDF}.Release|Any CPU.Build.0 = Release|Any CPU
		{F7EBAF03-D272-40AD-8CF8-2805CB2AF049}.Debug|Any CPU.ActiveCfg = Debug|Any CPU
		{F7EBAF03-D272-40AD-8CF8-2805CB2AF049}.Debug|Any CPU.Build.0 = Debug|Any CPU
		{F7EBAF03-D272-40AD-8CF8-2805CB2AF049}.Release|Any CPU.ActiveCfg = Release|Any CPU
		{F7EBAF03-D272-40AD-8CF8-2805CB2AF049}.Release|Any CPU.Build.0 = Release|Any CPU
		{75F5F1EC-29D8-42BC-B3AB-65A9D88ECA60}.Debug|Any CPU.ActiveCfg = Debug|Any CPU
		{75F5F1EC-29D8-42BC-B3AB-65A9D88ECA60}.Debug|Any CPU.Build.0 = Debug|Any CPU
		{75F5F1EC-29D8-42BC-B3AB-65A9D88ECA60}.Release|Any CPU.ActiveCfg = Release|Any CPU
		{75F5F1EC-29D8-42BC-B3AB-65A9D88ECA60}.Release|Any CPU.Build.0 = Release|Any CPU
		{29181FA1-108E-448F-8827-35784CEB3478}.Debug|Any CPU.ActiveCfg = Debug|Any CPU
		{29181FA1-108E-448F-8827-35784CEB3478}.Debug|Any CPU.Build.0 = Debug|Any CPU
		{29181FA1-108E-448F-8827-35784CEB3478}.Release|Any CPU.ActiveCfg = Release|Any CPU
		{29181FA1-108E-448F-8827-35784CEB3478}.Release|Any CPU.Build.0 = Release|Any CPU
	EndGlobalSection
	GlobalSection(SolutionProperties) = preSolution
		HideSolutionNode = FALSE
	EndGlobalSection
	GlobalSection(NestedProjects) = preSolution
		{10EF9C8F-C066-46DB-A45B-1C090D30AFC4} = {1A6CEE3C-B4D4-4BAC-9C4E-01D8197C6DE8}
		{0782F107-762B-4628-B175-0DD9AC30E243} = {1A6CEE3C-B4D4-4BAC-9C4E-01D8197C6DE8}
		{F092BAD3-42E0-45CD-AA10-2EBCDF459925} = {1A6CEE3C-B4D4-4BAC-9C4E-01D8197C6DE8}
		{72BC23A5-604D-4571-8AE3-45B79CDB063C} = {1A6CEE3C-B4D4-4BAC-9C4E-01D8197C6DE8}
		{CB7B9E00-1C78-45EF-85BB-7630661F0AA0} = {1A6CEE3C-B4D4-4BAC-9C4E-01D8197C6DE8}
		{BA535B70-DF56-4855-9D23-BB33A81AC9E1} = {1A6CEE3C-B4D4-4BAC-9C4E-01D8197C6DE8}
		{0F7F9F2B-204F-4084-88FD-2AB4A2E52A63} = {0782F107-762B-4628-B175-0DD9AC30E243}
		{218A78A1-FA6E-49BC-93F2-31FCB038EA43} = {F092BAD3-42E0-45CD-AA10-2EBCDF459925}
		{B0EFF829-9DF0-4B2E-A522-B08B5C701B23} = {0782F107-762B-4628-B175-0DD9AC30E243}
		{252CB1F3-12E6-47F2-9F2A-3480E26C920F} = {B0EFF829-9DF0-4B2E-A522-B08B5C701B23}
		{97475BA1-F702-44DD-B10E-7DDE3F016014} = {0782F107-762B-4628-B175-0DD9AC30E243}
		{621F08A3-5B6D-4236-88C2-A700955FBE86} = {0782F107-762B-4628-B175-0DD9AC30E243}
		{909C5754-626C-4FB6-95D3-236A10F70144} = {07FE0AC8-8AF7-4808-A034-9A7E0D9B6739}
		{43578C54-F81C-4486-BE00-44AC2B94087B} = {BA535B70-DF56-4855-9D23-BB33A81AC9E1}
		{83B7839E-D75A-4BAE-AC3B-04D384E8DC42} = {BA535B70-DF56-4855-9D23-BB33A81AC9E1}
		{8F97EA56-FE9A-494B-9EE2-1F19EA6C3EDF} = {BA535B70-DF56-4855-9D23-BB33A81AC9E1}
		{F7EBAF03-D272-40AD-8CF8-2805CB2AF049} = {CB7B9E00-1C78-45EF-85BB-7630661F0AA0}
		{75F5F1EC-29D8-42BC-B3AB-65A9D88ECA60} = {CB7B9E00-1C78-45EF-85BB-7630661F0AA0}
		{29181FA1-108E-448F-8827-35784CEB3478} = {CB7B9E00-1C78-45EF-85BB-7630661F0AA0}
	EndGlobalSection
	GlobalSection(ExtensibilityGlobals) = postSolution
		SolutionGuid = {7F02FBE5-5DEE-4883-AAE1-DCDAD00B729C}
	EndGlobalSection
EndGlobal
